
Microsoft Visual Studio Solution File, Format Version 12.00
# Visual Studio Version 16
VisualStudioVersion = 16.0.29215.179
MinimumVisualStudioVersion = 10.0.40219.1
Project("{FAE04EC0-301F-11D3-BF4B-00C04F79EFBC}") = "IntersectionTest", "IntersectionTest.csproj", "{89824C8C-005A-4551-BA71-4B330117E622}"
EndProject
Global
	GlobalSection(SolutionConfigurationPlatforms) = preSolution
		Debug|Any CPU = Debug|Any CPU
		Release|Any CPU = Release|Any CPU
	EndGlobalSection
	GlobalSection(ProjectConfigurationPlatforms) = postSolution
		{89824C8C-005A-4551-BA71-4B330117E622}.Debug|Any CPU.ActiveCfg = Debug|Any CPU
		{89824C8C-005A-4551-BA71-4B330117E622}.Debug|Any CPU.Build.0 = Debug|Any CPU
		{89824C8C-005A-4551-BA71-4B330117E622}.Release|Any CPU.ActiveCfg = Release|Any CPU
		{89824C8C-005A-4551-BA71-4B330117E622}.Release|Any CPU.Build.0 = Release|Any CPU
	EndGlobalSection
	GlobalSection(SolutionProperties) = preSolution
		HideSolutionNode = FALSE
	EndGlobalSection
	GlobalSection(ExtensibilityGlobals) = postSolution
		SolutionGuid = {BD678EA8-2704-4177-AF2C-70046BE61B7A}
	EndGlobalSection
EndGlobal
